
Microsoft Visual Studio Solution File, Format Version 12.00
# Visual Studio Version 16
VisualStudioVersion = 16.0.30011.22
MinimumVisualStudioVersion = 10.0.40219.1
Project("{FAE04EC0-301F-11D3-BF4B-00C04F79EFBC}") = "InorderTraversal", "InorderTraversal.csproj", "{8ECCB15C-40E0-4856-B2B4-FE4413CE7B5A}"
EndProject
Global
	GlobalSection(SolutionConfigurationPlatforms) = preSolution
		Debug|Any CPU = Debug|Any CPU
		Release|Any CPU = Release|Any CPU
	EndGlobalSection
	GlobalSection(ProjectConfigurationPlatforms) = postSolution
		{8ECCB15C-40E0-4856-B2B4-FE4413CE7B5A}.Debug|Any CPU.ActiveCfg = Debug|Any CPU
		{8ECCB15C-40E0-4856-B2B4-FE4413CE7B5A}.Debug|Any CPU.Build.0 = Debug|Any CPU
		{8ECCB15C-40E0-4856-B2B4-FE4413CE7B5A}.Release|Any CPU.ActiveCfg = Release|Any CPU
		{8ECCB15C-40E0-4856-B2B4-FE4413CE7B5A}.Release|Any CPU.Build.0 = Release|Any CPU
	EndGlobalSection
	GlobalSection(SolutionProperties) = preSolution
		HideSolutionNode = FALSE
	EndGlobalSection
	GlobalSection(ExtensibilityGlobals) = postSolution
		SolutionGuid = {AD18A0B1-86DD-4959-96AC-949A78AD26F4}
	EndGlobalSection
EndGlobal
